
Microsoft Visual Studio Solution File, Format Version 12.00
# Visual Studio 15
VisualStudioVersion = 15.0.28010.2026
MinimumVisualStudioVersion = 10.0.40219.1
Project("{FAE04EC0-301F-11D3-BF4B-00C04F79EFBC}") = "REST-HTTP server", "REST-HTTP server\REST-HTTP server.csproj", "{4D4C6CD6-1A70-40EC-8734-2E78935436DB}"
EndProject
Global
	GlobalSection(SolutionConfigurationPlatforms) = preSolution
		Debug|Any CPU = Debug|Any CPU
		Release|Any CPU = Release|Any CPU
	EndGlobalSection
	GlobalSection(ProjectConfigurationPlatforms) = postSolution
		{4D4C6CD6-1A70-40EC-8734-2E78935436DB}.Debug|Any CPU.ActiveCfg = Debug|Any CPU
		{4D4C6CD6-1A70-40EC-8734-2E78935436DB}.Debug|Any CPU.Build.0 = Debug|Any CPU
		{4D4C6CD6-1A70-40EC-8734-2E78935436DB}.Release|Any CPU.ActiveCfg = Release|Any CPU
		{4D4C6CD6-1A70-40EC-8734-2E78935436DB}.Release|Any CPU.Build.0 = Release|Any CPU
	EndGlobalSection
	GlobalSection(SolutionProperties) = preSolution
		HideSolutionNode = FALSE
	EndGlobalSection
	GlobalSection(ExtensibilityGlobals) = postSolution
		SolutionGuid = {F5A55CA0-52F7-4485-9DE3-2192616C496D}
	EndGlobalSection
EndGlobal
