
Microsoft Visual Studio Solution File, Format Version 12.00
# Visual Studio 15
VisualStudioVersion = 15.0.28010.2026
MinimumVisualStudioVersion = 10.0.40219.1
Project("{8BC9CEB8-8B4A-11D0-8D11-00A0C91BC942}") = "Lab1", "Lab1\Lab1.vcxproj", "{B495D543-36F2-45DB-8EF8-FBE667CAA466}"
EndProject
Global
	GlobalSection(SolutionConfigurationPlatforms) = preSolution
		Debug|x64 = Debug|x64
		Debug|x86 = Debug|x86
		Release|x64 = Release|x64
		Release|x86 = Release|x86
	EndGlobalSection
	GlobalSection(ProjectConfigurationPlatforms) = postSolution
		{B495D543-36F2-45DB-8EF8-FBE667CAA466}.Debug|x64.ActiveCfg = Debug|x64
		{B495D543-36F2-45DB-8EF8-FBE667CAA466}.Debug|x64.Build.0 = Debug|x64
		{B495D543-36F2-45DB-8EF8-FBE667CAA466}.Debug|x86.ActiveCfg = Debug|Win32
		{B495D543-36F2-45DB-8EF8-FBE667CAA466}.Debug|x86.Build.0 = Debug|Win32
		{B495D543-36F2-45DB-8EF8-FBE667CAA466}.Release|x64.ActiveCfg = Release|x64
		{B495D543-36F2-45DB-8EF8-FBE667CAA466}.Release|x64.Build.0 = Release|x64
		{B495D543-36F2-45DB-8EF8-FBE667CAA466}.Release|x86.ActiveCfg = Release|Win32
		{B495D543-36F2-45DB-8EF8-FBE667CAA466}.Release|x86.Build.0 = Release|Win32
	EndGlobalSection
	GlobalSection(SolutionProperties) = preSolution
		HideSolutionNode = FALSE
	EndGlobalSection
	GlobalSection(ExtensibilityGlobals) = postSolution
		SolutionGuid = {3CE61ACC-5F5A-4160-B3B8-012491C62751}
	EndGlobalSection
EndGlobal
